
Microsoft Visual Studio Solution File, Format Version 12.00
# Visual Studio Version 16
VisualStudioVersion = 16.0.31702.278
MinimumVisualStudioVersion = 10.0.40219.1
Project("{FAE04EC0-301F-11D3-BF4B-00C04F79EFBC}") = "StringMaker_Martin", "StringMaker_Martin.csproj", "{981E7F81-42F5-4D9F-B95C-9040E63DD04B}"
EndProject
Global
	GlobalSection(SolutionConfigurationPlatforms) = preSolution
		Debug|Any CPU = Debug|Any CPU
		Release|Any CPU = Release|Any CPU
	EndGlobalSection
	GlobalSection(ProjectConfigurationPlatforms) = postSolution
		{981E7F81-42F5-4D9F-B95C-9040E63DD04B}.Debug|Any CPU.ActiveCfg = Debug|Any CPU
		{981E7F81-42F5-4D9F-B95C-9040E63DD04B}.Debug|Any CPU.Build.0 = Debug|Any CPU
		{981E7F81-42F5-4D9F-B95C-9040E63DD04B}.Release|Any CPU.ActiveCfg = Release|Any CPU
		{981E7F81-42F5-4D9F-B95C-9040E63DD04B}.Release|Any CPU.Build.0 = Release|Any CPU
	EndGlobalSection
	GlobalSection(SolutionProperties) = preSolution
		HideSolutionNode = FALSE
	EndGlobalSection
	GlobalSection(ExtensibilityGlobals) = postSolution
		SolutionGuid = {2327AFF2-0453-4A25-8132-AC20AC02D98C}
	EndGlobalSection
EndGlobal
